
Microsoft Visual Studio Solution File, Format Version 12.00
# Visual Studio Version 17
VisualStudioVersion = 17.10.35027.167
MinimumVisualStudioVersion = 10.0.40219.1
Project("{FAE04EC0-301F-11D3-BF4B-00C04F79EFBC}") = "Business", "Business\Business.csproj", "{A5D67BF9-3FC9-4350-A737-688A986BB919}"
EndProject
Project("{FAE04EC0-301F-11D3-BF4B-00C04F79EFBC}") = "DataAccess", "DataAccess\DataAccess.csproj", "{D60A60C2-2D17-4323-A63F-480C30FACDC0}"
EndProject
Project("{FAE04EC0-301F-11D3-BF4B-00C04F79EFBC}") = "Entites", "Entites\Entites.csproj", "{1E9A5A50-078E-40E5-A8D7-03D7388AF171}"
EndProject
Project("{FAE04EC0-301F-11D3-BF4B-00C04F79EFBC}") = "WebApi", "TestProjeStaj\WebApi.csproj", "{DC81119A-520D-4CB1-8412-D08F5D2B904D}"
EndProject
Project("{FAE04EC0-301F-11D3-BF4B-00C04F79EFBC}") = "Core", "Core\Core.csproj", "{56080A60-D89F-4FCA-83D6-20AE0DCDA387}"
EndProject
Global
	GlobalSection(SolutionConfigurationPlatforms) = preSolution
		Debug|Any CPU = Debug|Any CPU
		Release|Any CPU = Release|Any CPU
	EndGlobalSection
	GlobalSection(ProjectConfigurationPlatforms) = postSolution
		{A5D67BF9-3FC9-4350-A737-688A986BB919}.Debug|Any CPU.ActiveCfg = Debug|Any CPU
		{A5D67BF9-3FC9-4350-A737-688A986BB919}.Debug|Any CPU.Build.0 = Debug|Any CPU
		{A5D67BF9-3FC9-4350-A737-688A986BB919}.Release|Any CPU.ActiveCfg = Release|Any CPU
		{A5D67BF9-3FC9-4350-A737-688A986BB919}.Release|Any CPU.Build.0 = Release|Any CPU
		{D60A60C2-2D17-4323-A63F-480C30FACDC0}.Debug|Any CPU.ActiveCfg = Debug|Any CPU
		{D60A60C2-2D17-4323-A63F-480C30FACDC0}.Debug|Any CPU.Build.0 = Debug|Any CPU
		{D60A60C2-2D17-4323-A63F-480C30FACDC0}.Release|Any CPU.ActiveCfg = Release|Any CPU
		{D60A60C2-2D17-4323-A63F-480C30FACDC0}.Release|Any CPU.Build.0 = Release|Any CPU
		{1E9A5A50-078E-40E5-A8D7-03D7388AF171}.Debug|Any CPU.ActiveCfg = Debug|Any CPU
		{1E9A5A50-078E-40E5-A8D7-03D7388AF171}.Debug|Any CPU.Build.0 = Debug|Any CPU
		{1E9A5A50-078E-40E5-A8D7-03D7388AF171}.Release|Any CPU.ActiveCfg = Release|Any CPU
		{1E9A5A50-078E-40E5-A8D7-03D7388AF171}.Release|Any CPU.Build.0 = Release|Any CPU
		{DC81119A-520D-4CB1-8412-D08F5D2B904D}.Debug|Any CPU.ActiveCfg = Debug|Any CPU
		{DC81119A-520D-4CB1-8412-D08F5D2B904D}.Debug|Any CPU.Build.0 = Debug|Any CPU
		{DC81119A-520D-4CB1-8412-D08F5D2B904D}.Release|Any CPU.ActiveCfg = Release|Any CPU
		{DC81119A-520D-4CB1-8412-D08F5D2B904D}.Release|Any CPU.Build.0 = Release|Any CPU
		{56080A60-D89F-4FCA-83D6-20AE0DCDA387}.Debug|Any CPU.ActiveCfg = Debug|Any CPU
		{56080A60-D89F-4FCA-83D6-20AE0DCDA387}.Debug|Any CPU.Build.0 = Debug|Any CPU
		{56080A60-D89F-4FCA-83D6-20AE0DCDA387}.Release|Any CPU.ActiveCfg = Release|Any CPU
		{56080A60-D89F-4FCA-83D6-20AE0DCDA387}.Release|Any CPU.Build.0 = Release|Any CPU
	EndGlobalSection
	GlobalSection(SolutionProperties) = preSolution
		HideSolutionNode = FALSE
	EndGlobalSection
	GlobalSection(ExtensibilityGlobals) = postSolution
		SolutionGuid = {0945EFFB-113F-4306-A006-581872543E5A}
	EndGlobalSection
EndGlobal
